{
  "name": "@vue-js-cron/naive-ui",
  "version": "2.1.0",
  "lockfileVersion": 3,
  "requires": true,
  "packages": {
    "": {
      "name": "@vue-js-cron/naive-ui",
      "version": "2.1.0",
      "license": "MIT",
      "dependencies": {
        "@vue-js-cron/core": "4.3.0"
      },
      "devDependencies": {
        "@vicons/ionicons5": "^0.12.0",
        "naive-ui": "^2.35.0"
      }
    },
    "node_modules/@babel/parser": {
      "version": "7.23.3",
      "resolved": "https://registry.npmjs.org/@babel/parser/-/parser-7.23.3.tgz",
      "integrity": "sha512-uVsWNvlVsIninV2prNz/3lHCb+5CJ+e+IUBfbjToAHODtfGYLfCFuY4AU7TskI+dAKk+njsPiBjq1gKTvZOBaw==",
      "dev": true,
      "peer": true,
      "bin": {
        "parser": "bin/babel-parser.js"
      },
      "engines": {
        "node": ">=6.0.0"
      }
    },
    "node_modules/@babel/runtime": {
      "version": "7.23.2",
      "resolved": "https://registry.npmjs.org/@babel/runtime/-/runtime-7.23.2.tgz",
      "integrity": "sha512-mM8eg4yl5D6i3lu2QKPuPH4FArvJ8KhTofbE7jwMUv9KX5mBvwPAqnV3MlyBNqdp9RyRKP6Yck8TrfYrPvX3bg==",
      "dev": true,
      "dependencies": {
        "regenerator-runtime": "^0.14.0"
      },
      "engines": {
        "node": ">=6.9.0"
      }
    },
    "node_modules/@css-render/plugin-bem": {
      "version": "0.15.12",
      "resolved": "https://registry.npmjs.org/@css-render/plugin-bem/-/plugin-bem-0.15.12.tgz",
      "integrity": "sha512-Lq2jSOZn+wYQtsyaFj6QRz2EzAnd3iW5fZeHO1WSXQdVYwvwGX0ZiH3X2JQgtgYLT1yeGtrwrqJdNdMEUD2xTw==",
      "dev": true,
      "peerDependencies": {
        "css-render": "~0.15.12"
      }
    },
    "node_modules/@css-render/vue3-ssr": {
      "version": "0.15.12",
      "resolved": "https://registry.npmjs.org/@css-render/vue3-ssr/-/vue3-ssr-0.15.12.tgz",
      "integrity": "sha512-AQLGhhaE0F+rwybRCkKUdzBdTEM/5PZBYy+fSYe1T9z9+yxMuV/k7ZRqa4M69X+EI1W8pa4kc9Iq2VjQkZx4rg==",
      "dev": true,
      "peerDependencies": {
        "vue": "^3.0.11"
      }
    },
    "node_modules/@emotion/hash": {
      "version": "0.8.0",
      "resolved": "https://registry.npmjs.org/@emotion/hash/-/hash-0.8.0.tgz",
      "integrity": "sha512-kBJtf7PH6aWwZ6fka3zQ0p6SBYzx4fl1LoZXE2RrnYST9Xljm7WfKJrU4g/Xr3Beg72MLrp1AWNUmuYJTL7Cow==",
      "dev": true
    },
    "node_modules/@jridgewell/sourcemap-codec": {
      "version": "1.4.15",
      "resolved": "https://registry.npmjs.org/@jridgewell/sourcemap-codec/-/sourcemap-codec-1.4.15.tgz",
      "integrity": "sha512-eF2rxCRulEKXHTRiDrDy6erMYWqNw4LPdQ8UQA4huuxaQsVeRPFl2oM8oDGxMFhJUWZf9McpLtJasDDZb/Bpeg==",
      "dev": true,
      "peer": true
    },
    "node_modules/@juggle/resize-observer": {
      "version": "3.4.0",
      "resolved": "https://registry.npmjs.org/@juggle/resize-observer/-/resize-observer-3.4.0.tgz",
      "integrity": "sha512-dfLbk+PwWvFzSxwk3n5ySL0hfBog779o8h68wK/7/APo/7cgyWp5jcXockbxdk5kFRkbeXWm4Fbi9FrdN381sA==",
      "dev": true
    },
    "node_modules/@types/katex": {
      "version": "0.16.6",
      "resolved": "https://registry.npmjs.org/@types/katex/-/katex-0.16.6.tgz",
      "integrity": "sha512-rZYO1HInM99rAFYNwGqbYPxHZHxu2IwZYKj4bJ4oh6edVrm1UId8mmbHIZLBtG253qU6y3piag0XYe/joNnwzQ==",
      "dev": true
    },
    "node_modules/@types/lodash": {
      "version": "4.14.201",
      "resolved": "https://registry.npmjs.org/@types/lodash/-/lodash-4.14.201.tgz",
      "integrity": "sha512-y9euML0cim1JrykNxADLfaG0FgD1g/yTHwUs/Jg9ZIU7WKj2/4IW9Lbb1WZbvck78W/lfGXFfe+u2EGfIJXdLQ==",
      "dev": true
    },
    "node_modules/@types/lodash-es": {
      "version": "4.17.11",
      "resolved": "https://registry.npmjs.org/@types/lodash-es/-/lodash-es-4.17.11.tgz",
      "integrity": "sha512-eCw8FYAWHt2DDl77s+AMLLzPn310LKohruumpucZI4oOFJkIgnlaJcy23OKMJxx4r9PeTF13Gv6w+jqjWQaYUg==",
      "dev": true,
      "dependencies": {
        "@types/lodash": "*"
      }
    },
    "node_modules/@vicons/ionicons5": {
      "version": "0.12.0",
      "resolved": "https://registry.npmjs.org/@vicons/ionicons5/-/ionicons5-0.12.0.tgz",
      "integrity": "sha512-Iy1EUVRpX0WWxeu1VIReR1zsZLMc4fqpt223czR+Rpnrwu7pt46nbnC2ycO7ItI/uqDLJxnbcMC7FujKs9IfFA==",
      "dev": true
    },
    "node_modules/@vue-js-cron/core": {
      "version": "4.3.0",
      "resolved": "https://registry.npmjs.org/@vue-js-cron/core/-/core-4.3.0.tgz",
      "integrity": "sha512-lyy+EjqHE95LASsn/JCl1KXu2m5oKSdRbJZZUUThadx3AVARJlYZovjXA57myhF28YoheK1wOHhJfaZTC+NcTQ==",
      "dependencies": {
        "mustache": "^4.2.0"
      }
    },
    "node_modules/@vue/compiler-core": {
      "version": "3.3.8",
      "resolved": "https://registry.npmjs.org/@vue/compiler-core/-/compiler-core-3.3.8.tgz",
      "integrity": "sha512-hN/NNBUECw8SusQvDSqqcVv6gWq8L6iAktUR0UF3vGu2OhzRqcOiAno0FmBJWwxhYEXRlQJT5XnoKsVq1WZx4g==",
      "dev": true,
      "peer": true,
      "dependencies": {
        "@babel/parser": "^7.23.0",
        "@vue/shared": "3.3.8",
        "estree-walker": "^2.0.2",
        "source-map-js": "^1.0.2"
      }
    },
    "node_modules/@vue/compiler-dom": {
      "version": "3.3.8",
      "resolved": "https://registry.npmjs.org/@vue/compiler-dom/-/compiler-dom-3.3.8.tgz",
      "integrity": "sha512-+PPtv+p/nWDd0AvJu3w8HS0RIm/C6VGBIRe24b9hSyNWOAPEUosFZ5diwawwP8ip5sJ8n0Pe87TNNNHnvjs0FQ==",
      "dev": true,
      "peer": true,
      "dependencies": {
        "@vue/compiler-core": "3.3.8",
        "@vue/shared": "3.3.8"
      }
    },
    "node_modules/@vue/compiler-sfc": {
      "version": "3.3.8",
      "resolved": "https://registry.npmjs.org/@vue/compiler-sfc/-/compiler-sfc-3.3.8.tgz",
      "integrity": "sha512-WMzbUrlTjfYF8joyT84HfwwXo+8WPALuPxhy+BZ6R4Aafls+jDBnSz8PDz60uFhuqFbl3HxRfxvDzrUf3THwpA==",
      "dev": true,
      "peer": true,
      "dependencies": {
        "@babel/parser": "^7.23.0",
        "@vue/compiler-core": "3.3.8",
        "@vue/compiler-dom": "3.3.8",
        "@vue/compiler-ssr": "3.3.8",
        "@vue/reactivity-transform": "3.3.8",
        "@vue/shared": "3.3.8",
        "estree-walker": "^2.0.2",
        "magic-string": "^0.30.5",
        "postcss": "^8.4.31",
        "source-map-js": "^1.0.2"
      }
    },
    "node_modules/@vue/compiler-ssr": {
      "version": "3.3.8",
      "resolved": "https://registry.npmjs.org/@vue/compiler-ssr/-/compiler-ssr-3.3.8.tgz",
      "integrity": "sha512-hXCqQL/15kMVDBuoBYpUnSYT8doDNwsjvm3jTefnXr+ytn294ySnT8NlsFHmTgKNjwpuFy7XVV8yTeLtNl/P6w==",
      "dev": true,
      "peer": true,
      "dependencies": {
        "@vue/compiler-dom": "3.3.8",
        "@vue/shared": "3.3.8"
      }
    },
    "node_modules/@vue/reactivity": {
      "version": "3.3.8",
      "resolved": "https://registry.npmjs.org/@vue/reactivity/-/reactivity-3.3.8.tgz",
      "integrity": "sha512-ctLWitmFBu6mtddPyOKpHg8+5ahouoTCRtmAHZAXmolDtuZXfjL2T3OJ6DL6ezBPQB1SmMnpzjiWjCiMYmpIuw==",
      "dev": true,
      "peer": true,
      "dependencies": {
        "@vue/shared": "3.3.8"
      }
    },
    "node_modules/@vue/reactivity-transform": {
      "version": "3.3.8",
      "resolved": "https://registry.npmjs.org/@vue/reactivity-transform/-/reactivity-transform-3.3.8.tgz",
      "integrity": "sha512-49CvBzmZNtcHua0XJ7GdGifM8GOXoUMOX4dD40Y5DxI3R8OUhMlvf2nvgUAcPxaXiV5MQQ1Nwy09ADpnLQUqRw==",
      "dev": true,
      "peer": true,
      "dependencies": {
        "@babel/parser": "^7.23.0",
        "@vue/compiler-core": "3.3.8",
        "@vue/shared": "3.3.8",
        "estree-walker": "^2.0.2",
        "magic-string": "^0.30.5"
      }
    },
    "node_modules/@vue/runtime-core": {
      "version": "3.3.8",
      "resolved": "https://registry.npmjs.org/@vue/runtime-core/-/runtime-core-3.3.8.tgz",
      "integrity": "sha512-qurzOlb6q26KWQ/8IShHkMDOuJkQnQcTIp1sdP4I9MbCf9FJeGVRXJFr2mF+6bXh/3Zjr9TDgURXrsCr9bfjUw==",
      "dev": true,
      "peer": true,
      "dependencies": {
        "@vue/reactivity": "3.3.8",
        "@vue/shared": "3.3.8"
      }
    },
    "node_modules/@vue/runtime-dom": {
      "version": "3.3.8",
      "resolved": "https://registry.npmjs.org/@vue/runtime-dom/-/runtime-dom-3.3.8.tgz",
      "integrity": "sha512-Noy5yM5UIf9UeFoowBVgghyGGPIDPy1Qlqt0yVsUdAVbqI8eeMSsTqBtauaEoT2UFXUk5S64aWVNJN4MJ2vRdA==",
      "dev": true,
      "peer": true,
      "dependencies": {
        "@vue/runtime-core": "3.3.8",
        "@vue/shared": "3.3.8",
        "csstype": "^3.1.2"
      }
    },
    "node_modules/@vue/runtime-dom/node_modules/csstype": {
      "version": "3.1.2",
      "resolved": "https://registry.npmjs.org/csstype/-/csstype-3.1.2.tgz",
      "integrity": "sha512-I7K1Uu0MBPzaFKg4nI5Q7Vs2t+3gWWW648spaF+Rg7pI9ds18Ugn+lvg4SHczUdKlHI5LWBXyqfS8+DufyBsgQ==",
      "dev": true,
      "peer": true
    },
    "node_modules/@vue/server-renderer": {
      "version": "3.3.8",
      "resolved": "https://registry.npmjs.org/@vue/server-renderer/-/server-renderer-3.3.8.tgz",
      "integrity": "sha512-zVCUw7RFskvPuNlPn/8xISbrf0zTWsTSdYTsUTN1ERGGZGVnRxM2QZ3x1OR32+vwkkCm0IW6HmJ49IsPm7ilLg==",
      "dev": true,
      "peer": true,
      "dependencies": {
        "@vue/compiler-ssr": "3.3.8",
        "@vue/shared": "3.3.8"
      },
      "peerDependencies": {
        "vue": "3.3.8"
      }
    },
    "node_modules/@vue/shared": {
      "version": "3.3.8",
      "resolved": "https://registry.npmjs.org/@vue/shared/-/shared-3.3.8.tgz",
      "integrity": "sha512-8PGwybFwM4x8pcfgqEQFy70NaQxASvOC5DJwLQfpArw1UDfUXrJkdxD3BhVTMS+0Lef/TU7YO0Jvr0jJY8T+mw==",
      "dev": true,
      "peer": true
    },
    "node_modules/async-validator": {
      "version": "4.2.5",
      "resolved": "https://registry.npmjs.org/async-validator/-/async-validator-4.2.5.tgz",
      "integrity": "sha512-7HhHjtERjqlNbZtqNqy2rckN/SpOOlmDliet+lP7k+eKZEjPk3DgyeU9lIXLdeLz0uBbbVp+9Qdow9wJWgwwfg==",
      "dev": true
    },
    "node_modules/css-render": {
      "version": "0.15.12",
      "resolved": "https://registry.npmjs.org/css-render/-/css-render-0.15.12.tgz",
      "integrity": "sha512-eWzS66patiGkTTik+ipO9qNGZ+uNuGyTmnz6/+EJIiFg8+3yZRpnMwgFo8YdXhQRsiePzehnusrxVvugNjXzbw==",
      "dev": true,
      "dependencies": {
        "@emotion/hash": "~0.8.0",
        "csstype": "~3.0.5"
      }
    },
    "node_modules/csstype": {
      "version": "3.0.11",
      "resolved": "https://registry.npmjs.org/csstype/-/csstype-3.0.11.tgz",
      "integrity": "sha512-sa6P2wJ+CAbgyy4KFssIb/JNMLxFvKF1pCYCSXS8ZMuqZnMsrxqI2E5sPyoTpxoPU/gVZMzr2zjOfg8GIZOMsw==",
      "dev": true
    },
    "node_modules/date-fns": {
      "version": "2.30.0",
      "resolved": "https://registry.npmjs.org/date-fns/-/date-fns-2.30.0.tgz",
      "integrity": "sha512-fnULvOpxnC5/Vg3NCiWelDsLiUc9bRwAPs/+LfTLNvetFCtCTN+yQz15C/fs4AwX1R9K5GLtLfn8QW+dWisaAw==",
      "dev": true,
      "dependencies": {
        "@babel/runtime": "^7.21.0"
      },
      "engines": {
        "node": ">=0.11"
      },
      "funding": {
        "type": "opencollective",
        "url": "https://opencollective.com/date-fns"
      }
    },
    "node_modules/date-fns-tz": {
      "version": "2.0.0",
      "resolved": "https://registry.npmjs.org/date-fns-tz/-/date-fns-tz-2.0.0.tgz",
      "integrity": "sha512-OAtcLdB9vxSXTWHdT8b398ARImVwQMyjfYGkKD2zaGpHseG2UPHbHjXELReErZFxWdSLph3c2zOaaTyHfOhERQ==",
      "dev": true,
      "peerDependencies": {
        "date-fns": ">=2.0.0"
      }
    },
    "node_modules/estree-walker": {
      "version": "2.0.2",
      "resolved": "https://registry.npmjs.org/estree-walker/-/estree-walker-2.0.2.tgz",
      "integrity": "sha512-Rfkk/Mp/DL7JVje3u18FxFujQlTNR2q6QfMSMB7AvCBx91NGj/ba3kCfza0f6dVDbw7YlRf/nDrn7pQrCCyQ/w==",
      "dev": true,
      "peer": true
    },
    "node_modules/evtd": {
      "version": "0.2.4",
      "resolved": "https://registry.npmjs.org/evtd/-/evtd-0.2.4.tgz",
      "integrity": "sha512-qaeGN5bx63s/AXgQo8gj6fBkxge+OoLddLniox5qtLAEY5HSnuSlISXVPxnSae1dWblvTh4/HoMIB+mbMsvZzw==",
      "dev": true
    },
    "node_modules/highlight.js": {
      "version": "11.9.0",
      "resolved": "https://registry.npmjs.org/highlight.js/-/highlight.js-11.9.0.tgz",
      "integrity": "sha512-fJ7cW7fQGCYAkgv4CPfwFHrfd/cLS4Hau96JuJ+ZTOWhjnhoeN1ub1tFmALm/+lW5z4WCAuAV9bm05AP0mS6Gw==",
      "dev": true,
      "engines": {
        "node": ">=12.0.0"
      }
    },
    "node_modules/lodash": {
      "version": "4.17.21",
      "resolved": "https://registry.npmjs.org/lodash/-/lodash-4.17.21.tgz",
      "integrity": "sha512-v2kDEe57lecTulaDIuNTPy3Ry4gLGJ6Z1O3vE1krgXZNrsQ+LFTGHVxVjcXPs17LhbZVGedAJv8XZ1tvj5FvSg==",
      "dev": true
    },
    "node_modules/lodash-es": {
      "version": "4.17.21",
      "resolved": "https://registry.npmjs.org/lodash-es/-/lodash-es-4.17.21.tgz",
      "integrity": "sha512-mKnC+QJ9pWVzv+C4/U3rRsHapFfHvQFoFB92e52xeyGMcX6/OlIl78je1u8vePzYZSkkogMPJ2yjxxsb89cxyw==",
      "dev": true
    },
    "node_modules/magic-string": {
      "version": "0.30.5",
      "resolved": "https://registry.npmjs.org/magic-string/-/magic-string-0.30.5.tgz",
      "integrity": "sha512-7xlpfBaQaP/T6Vh8MO/EqXSW5En6INHEvEXQiuff7Gku0PWjU3uf6w/j9o7O+SpB5fOAkrI5HeoNgwjEO0pFsA==",
      "dev": true,
      "peer": true,
      "dependencies": {
        "@jridgewell/sourcemap-codec": "^1.4.15"
      },
      "engines": {
        "node": ">=12"
      }
    },
    "node_modules/mustache": {
      "version": "4.2.0",
      "resolved": "https://registry.npmjs.org/mustache/-/mustache-4.2.0.tgz",
      "integrity": "sha512-71ippSywq5Yb7/tVYyGbkBggbU8H3u5Rz56fH60jGFgr8uHwxs+aSKeqmluIVzM0m0kB7xQjKS6qPfd0b2ZoqQ==",
      "bin": {
        "mustache": "bin/mustache"
      }
    },
    "node_modules/naive-ui": {
      "version": "2.35.0",
      "resolved": "https://registry.npmjs.org/naive-ui/-/naive-ui-2.35.0.tgz",
      "integrity": "sha512-PdnLpOip1LQaKs5+rXLZoPDPQkTq26TnHWeABvUA2eOQjtHxE4+TQvj0Jq/W8clM2On/7jptoGmenLt48G3Bhg==",
      "dev": true,
      "dependencies": {
        "@css-render/plugin-bem": "^0.15.12",
        "@css-render/vue3-ssr": "^0.15.12",
        "@types/katex": "^0.16.2",
        "@types/lodash": "^4.14.198",
        "@types/lodash-es": "^4.17.9",
        "async-validator": "^4.2.5",
        "css-render": "^0.15.12",
        "date-fns": "^2.30.0",
        "date-fns-tz": "^2.0.0",
        "evtd": "^0.2.4",
        "highlight.js": "^11.8.0",
        "lodash": "^4.17.21",
        "lodash-es": "^4.17.21",
        "seemly": "^0.3.6",
        "treemate": "^0.3.11",
        "vdirs": "^0.1.8",
        "vooks": "^0.2.12",
        "vueuc": "^0.4.51"
      },
      "peerDependencies": {
        "vue": "^3.0.0"
      }
    },
    "node_modules/nanoid": {
      "version": "3.3.7",
      "resolved": "https://registry.npmjs.org/nanoid/-/nanoid-3.3.7.tgz",
      "integrity": "sha512-eSRppjcPIatRIMC1U6UngP8XFcz8MQWGQdt1MTBQ7NaAmvXDfvNxbvWV3x2y6CdEUciCSsDHDQZbhYaB8QEo2g==",
      "dev": true,
      "funding": [
        {
          "type": "github",
          "url": "https://github.com/sponsors/ai"
        }
      ],
      "peer": true,
      "bin": {
        "nanoid": "bin/nanoid.cjs"
      },
      "engines": {
        "node": "^10 || ^12 || ^13.7 || ^14 || >=15.0.1"
      }
    },
    "node_modules/picocolors": {
      "version": "1.0.0",
      "resolved": "https://registry.npmjs.org/picocolors/-/picocolors-1.0.0.tgz",
      "integrity": "sha512-1fygroTLlHu66zi26VoTDv8yRgm0Fccecssto+MhsZ0D/DGW2sm8E8AjW7NU5VVTRt5GxbeZ5qBuJr+HyLYkjQ==",
      "dev": true,
      "peer": true
    },
    "node_modules/postcss": {
      "version": "8.4.31",
      "resolved": "https://registry.npmjs.org/postcss/-/postcss-8.4.31.tgz",
      "integrity": "sha512-PS08Iboia9mts/2ygV3eLpY5ghnUcfLV/EXTOW1E2qYxJKGGBUtNjN76FYHnMs36RmARn41bC0AZmn+rR0OVpQ==",
      "dev": true,
      "funding": [
        {
          "type": "opencollective",
          "url": "https://opencollective.com/postcss/"
        },
        {
          "type": "tidelift",
          "url": "https://tidelift.com/funding/github/npm/postcss"
        },
        {
          "type": "github",
          "url": "https://github.com/sponsors/ai"
        }
      ],
      "peer": true,
      "dependencies": {
        "nanoid": "^3.3.6",
        "picocolors": "^1.0.0",
        "source-map-js": "^1.0.2"
      },
      "engines": {
        "node": "^10 || ^12 || >=14"
      }
    },
    "node_modules/regenerator-runtime": {
      "version": "0.14.0",
      "resolved": "https://registry.npmjs.org/regenerator-runtime/-/regenerator-runtime-0.14.0.tgz",
      "integrity": "sha512-srw17NI0TUWHuGa5CFGGmhfNIeja30WMBfbslPNhf6JrqQlLN5gcrvig1oqPxiVaXb0oW0XRKtH6Nngs5lKCIA==",
      "dev": true
    },
    "node_modules/seemly": {
      "version": "0.3.6",
      "resolved": "https://registry.npmjs.org/seemly/-/seemly-0.3.6.tgz",
      "integrity": "sha512-lEV5VB8BUKTo/AfktXJcy+JeXns26ylbMkIUco8CYREsQijuz4mrXres2Q+vMLdwkuLxJdIPQ8IlCIxLYm71Yw==",
      "dev": true
    },
    "node_modules/source-map-js": {
      "version": "1.0.2",
      "resolved": "https://registry.npmjs.org/source-map-js/-/source-map-js-1.0.2.tgz",
      "integrity": "sha512-R0XvVJ9WusLiqTCEiGCmICCMplcCkIwwR11mOSD9CR5u+IXYdiseeEuXCVAjS54zqwkLcPNnmU4OeJ6tUrWhDw==",
      "dev": true,
      "peer": true,
      "engines": {
        "node": ">=0.10.0"
      }
    },
    "node_modules/treemate": {
      "version": "0.3.11",
      "resolved": "https://registry.npmjs.org/treemate/-/treemate-0.3.11.tgz",
      "integrity": "sha512-M8RGFoKtZ8dF+iwJfAJTOH/SM4KluKOKRJpjCMhI8bG3qB74zrFoArKZ62ll0Fr3mqkMJiQOmWYkdYgDeITYQg==",
      "dev": true
    },
    "node_modules/vdirs": {
      "version": "0.1.8",
      "resolved": "https://registry.npmjs.org/vdirs/-/vdirs-0.1.8.tgz",
      "integrity": "sha512-H9V1zGRLQZg9b+GdMk8MXDN2Lva0zx72MPahDKc30v+DtwKjfyOSXWRIX4t2mhDubM1H09gPhWeth/BJWPHGUw==",
      "dev": true,
      "dependencies": {
        "evtd": "^0.2.2"
      },
      "peerDependencies": {
        "vue": "^3.0.11"
      }
    },
    "node_modules/vooks": {
      "version": "0.2.12",
      "resolved": "https://registry.npmjs.org/vooks/-/vooks-0.2.12.tgz",
      "integrity": "sha512-iox0I3RZzxtKlcgYaStQYKEzWWGAduMmq+jS7OrNdQo1FgGfPMubGL3uGHOU9n97NIvfFDBGnpSvkWyb/NSn/Q==",
      "dev": true,
      "dependencies": {
        "evtd": "^0.2.2"
      },
      "peerDependencies": {
        "vue": "^3.0.0"
      }
    },
    "node_modules/vue": {
      "version": "3.3.8",
      "resolved": "https://registry.npmjs.org/vue/-/vue-3.3.8.tgz",
      "integrity": "sha512-5VSX/3DabBikOXMsxzlW8JyfeLKlG9mzqnWgLQLty88vdZL7ZJgrdgBOmrArwxiLtmS+lNNpPcBYqrhE6TQW5w==",
      "dev": true,
      "peer": true,
      "dependencies": {
        "@vue/compiler-dom": "3.3.8",
        "@vue/compiler-sfc": "3.3.8",
        "@vue/runtime-dom": "3.3.8",
        "@vue/server-renderer": "3.3.8",
        "@vue/shared": "3.3.8"
      },
      "peerDependencies": {
        "typescript": "*"
      },
      "peerDependenciesMeta": {
        "typescript": {
          "optional": true
        }
      }
    },
    "node_modules/vueuc": {
      "version": "0.4.51",
      "resolved": "https://registry.npmjs.org/vueuc/-/vueuc-0.4.51.tgz",
      "integrity": "sha512-pLiMChM4f+W8czlIClGvGBYo656lc2Y0/mXFSCydcSmnCR1izlKPGMgiYBGjbY9FDkFG8a2HEVz7t0DNzBWbDw==",
      "dev": true,
      "dependencies": {
        "@css-render/vue3-ssr": "^0.15.10",
        "@juggle/resize-observer": "^3.3.1",
        "css-render": "^0.15.10",
        "evtd": "^0.2.4",
        "seemly": "^0.3.6",
        "vdirs": "^0.1.4",
        "vooks": "^0.2.4"
      },
      "peerDependencies": {
        "vue": "^3.0.11"
      }
    }
  }
}
