# THIS IS AN AUTOGENERATED FILE. DO NOT EDIT THIS FILE DIRECTLY.
# yarn lockfile v1


"@babel/code-frame@^7.21.4":
  version "7.22.13"
  resolved "https://registry.npmjs.org/@babel/code-frame/-/code-frame-7.22.13.tgz"
  integrity sha512-XktuhWlJ5g+3TJXc5upd9Ks1HutSArik6jf2eAjYFyIOf4ej3RN+184cZbzDvbPnuTJIUhPKKJE3cIsYTiAT3w==
  dependencies:
    "@babel/highlight" "^7.22.13"
    chalk "^2.4.2"

"@babel/helper-validator-identifier@^7.22.20":
  version "7.22.20"
  resolved "https://registry.npmjs.org/@babel/helper-validator-identifier/-/helper-validator-identifier-7.22.20.tgz"
  integrity sha512-Y4OZ+ytlatR8AI+8KZfKuL5urKp7qey08ha31L8b3BwewJAoJamTzyvxPR/5D+KkdJCGPq/+8TukHBlY10FX9A==

"@babel/highlight@^7.22.13":
  version "7.22.20"
  resolved "https://registry.npmjs.org/@babel/highlight/-/highlight-7.22.20.tgz"
  integrity sha512-dkdMCN3py0+ksCgYmGG8jKeGA/8Tk+gJwSYYlFGxG5lmhfKNoAy004YpLxpS1W2J8m/EK2Ew+yOs9pVRwO89mg==
  dependencies:
    "@babel/helper-validator-identifier" "^7.22.20"
    chalk "^2.4.2"
    js-tokens "^4.0.0"

"@babel/parser@^7.23.0":
  version "7.23.0"
  resolved "https://registry.npmjs.org/@babel/parser/-/parser-7.23.0.tgz"
  integrity sha512-vvPKKdMemU85V9WE/l5wZEmImpCtLqbnTvqDS2U1fJ96KrxoW7KrXhNsNCblQlg8Ck4b85yxdTyelsMUgFUXiw==

"@esbuild/linux-x64@0.18.20":
  version "0.18.20"
  resolved "https://registry.npmjs.org/@esbuild/linux-x64/-/linux-x64-0.18.20.tgz"
  integrity sha512-UYqiqemphJcNsFEskc73jQ7B9jgwjWrSayxawS6UVFZGWrAAtkzjxSqnoclCXxWtfwLdzU+vTpcNYhpn43uP1w==

"@jridgewell/sourcemap-codec@^1.4.15":
  version "1.4.15"
  resolved "https://registry.npmjs.org/@jridgewell/sourcemap-codec/-/sourcemap-codec-1.4.15.tgz"
  integrity sha512-eF2rxCRulEKXHTRiDrDy6erMYWqNw4LPdQ8UQA4huuxaQsVeRPFl2oM8oDGxMFhJUWZf9McpLtJasDDZb/Bpeg==

"@tsconfig/node18@^18.2.2":
  version "18.2.2"
  resolved "https://registry.npmjs.org/@tsconfig/node18/-/node18-18.2.2.tgz"
  integrity sha512-d6McJeGsuoRlwWZmVIeE8CUA27lu6jLjvv1JzqmpsytOYYbVi1tHZEnwCNVOXnj4pyLvneZlFlpXUK+X9wBWyw==

"@types/node@^18.18.5", "@types/node@>= 14":
  version "18.18.8"
  resolved "https://registry.npmjs.org/@types/node/-/node-18.18.8.tgz"
  integrity sha512-OLGBaaK5V3VRBS1bAkMVP2/W9B+H8meUfl866OrMNQqt7wDgdpWPp5o6gmIc9pB+lIQHSq4ZL8ypeH1vPxcPaQ==
  dependencies:
    undici-types "~5.26.4"

"@types/normalize-package-data@^2.4.1":
  version "2.4.3"
  resolved "https://registry.npmjs.org/@types/normalize-package-data/-/normalize-package-data-2.4.3.tgz"
  integrity sha512-ehPtgRgaULsFG8x0NeYJvmyH1hmlfsNLujHe9dQEia/7MAJYdzMSi19JtchUHjmBA6XC/75dK55mzZH+RyieSg==

"@vitejs/plugin-vue@^4.4.0":
  version "4.4.0"
  resolved "https://registry.npmjs.org/@vitejs/plugin-vue/-/plugin-vue-4.4.0.tgz"
  integrity sha512-xdguqb+VUwiRpSg+nsc2HtbAUSGak25DXYvpQQi4RVU1Xq1uworyoH/md9Rfd8zMmPR/pSghr309QNcftUVseg==

"@volar/language-core@~1.10.5", "@volar/language-core@1.10.10":
  version "1.10.10"
  resolved "https://registry.npmjs.org/@volar/language-core/-/language-core-1.10.10.tgz"
  integrity sha512-nsV1o3AZ5n5jaEAObrS3MWLBWaGwUj/vAsc15FVNIv+DbpizQRISg9wzygsHBr56ELRH8r4K75vkYNMtsSNNWw==
  dependencies:
    "@volar/source-map" "1.10.10"

"@volar/source-map@~1.10.5", "@volar/source-map@1.10.10":
  version "1.10.10"
  resolved "https://registry.npmjs.org/@volar/source-map/-/source-map-1.10.10.tgz"
  integrity sha512-GVKjLnifV4voJ9F0vhP56p4+F3WGf+gXlRtjFZsv6v3WxBTWU3ZVeaRaEHJmWrcv5LXmoYYpk/SC25BKemPRkg==
  dependencies:
    muggle-string "^0.3.1"

"@volar/typescript@~1.10.5":
  version "1.10.10"
  resolved "https://registry.npmjs.org/@volar/typescript/-/typescript-1.10.10.tgz"
  integrity sha512-4a2r5bdUub2m+mYVnLu2wt59fuoYWe7nf0uXtGHU8QQ5LDNfzAR0wK7NgDiQ9rcl2WT3fxT2AA9AylAwFtj50A==
  dependencies:
    "@volar/language-core" "1.10.10"
    path-browserify "^1.0.1"

"@vue-js-cron/ant@file:../ant":
  version "1.1.3"
  resolved "file:../ant"
  dependencies:
    "@vue-js-cron/core" "3.7.1"
    ant-design-vue "^3.2.12"

"@vue-js-cron/core@file:../core":
  version "3.7.1"
  resolved "file:../core"
  dependencies:
    mustache "^4.2.0"

"@vue-js-cron/element-plus@file:../element-plus":
  version "1.2.3"
  resolved "file:../element-plus"
  dependencies:
    "@element-plus/icons-vue" "^2.0.9"
    "@vue-js-cron/core" "3.7.1"
    element-plus "^2.2.13"

"@vue-js-cron/generated@file:../generated":
  version "1.0.0"
  resolved "file:../generated"
  dependencies:
    argparse "^2.0.1"
    nunjucks "^3.2.3"

"@vue-js-cron/light@file:../light":
  version "2.3.3"
  resolved "file:../light"
  dependencies:
    "@vue-js-cron/core" "^3.7.1"

"@vue-js-cron/vuetify@file:../vuetify":
  version "3.3.3"
  resolved "file:../vuetify"
  dependencies:
    "@vue-js-cron/core" "3.7.1"
    vuetify "^3.0.0-beta.6"

"@vue/compiler-core@3.3.7":
  version "3.3.7"
  resolved "https://registry.npmjs.org/@vue/compiler-core/-/compiler-core-3.3.7.tgz"
  integrity sha512-pACdY6YnTNVLXsB86YD8OF9ihwpolzhhtdLVHhBL6do/ykr6kKXNYABRtNMGrsQXpEXXyAdwvWWkuTbs4MFtPQ==
  dependencies:
    "@babel/parser" "^7.23.0"
    "@vue/shared" "3.3.7"
    estree-walker "^2.0.2"
    source-map-js "^1.0.2"

"@vue/compiler-dom@^3.3.0", "@vue/compiler-dom@3.3.7":
  version "3.3.7"
  resolved "https://registry.npmjs.org/@vue/compiler-dom/-/compiler-dom-3.3.7.tgz"
  integrity sha512-0LwkyJjnUPssXv/d1vNJ0PKfBlDoQs7n81CbO6Q0zdL7H1EzqYRrTVXDqdBVqro0aJjo/FOa1qBAPVI4PGSHBw==
  dependencies:
    "@vue/compiler-core" "3.3.7"
    "@vue/shared" "3.3.7"

"@vue/compiler-sfc@3.3.7":
  version "3.3.7"
  resolved "https://registry.npmjs.org/@vue/compiler-sfc/-/compiler-sfc-3.3.7.tgz"
  integrity sha512-7pfldWy/J75U/ZyYIXRVqvLRw3vmfxDo2YLMwVtWVNew8Sm8d6wodM+OYFq4ll/UxfqVr0XKiVwti32PCrruAw==
  dependencies:
    "@babel/parser" "^7.23.0"
    "@vue/compiler-core" "3.3.7"
    "@vue/compiler-dom" "3.3.7"
    "@vue/compiler-ssr" "3.3.7"
    "@vue/reactivity-transform" "3.3.7"
    "@vue/shared" "3.3.7"
    estree-walker "^2.0.2"
    magic-string "^0.30.5"
    postcss "^8.4.31"
    source-map-js "^1.0.2"

"@vue/compiler-ssr@3.3.7":
  version "3.3.7"
  resolved "https://registry.npmjs.org/@vue/compiler-ssr/-/compiler-ssr-3.3.7.tgz"
  integrity sha512-TxOfNVVeH3zgBc82kcUv+emNHo+vKnlRrkv8YvQU5+Y5LJGJwSNzcmLUoxD/dNzv0bhQ/F0s+InlgV0NrApJZg==
  dependencies:
    "@vue/compiler-dom" "3.3.7"
    "@vue/shared" "3.3.7"

"@vue/language-core@1.8.22":
  version "1.8.22"
  resolved "https://registry.npmjs.org/@vue/language-core/-/language-core-1.8.22.tgz"
  integrity sha512-bsMoJzCrXZqGsxawtUea1cLjUT9dZnDsy5TuZ+l1fxRMzUGQUG9+Ypq4w//CqpWmrx7nIAJpw2JVF/t258miRw==
  dependencies:
    "@volar/language-core" "~1.10.5"
    "@volar/source-map" "~1.10.5"
    "@vue/compiler-dom" "^3.3.0"
    "@vue/shared" "^3.3.0"
    computeds "^0.0.1"
    minimatch "^9.0.3"
    muggle-string "^0.3.1"
    vue-template-compiler "^2.7.14"

"@vue/reactivity-transform@3.3.7":
  version "3.3.7"
  resolved "https://registry.npmjs.org/@vue/reactivity-transform/-/reactivity-transform-3.3.7.tgz"
  integrity sha512-APhRmLVbgE1VPGtoLQoWBJEaQk4V8JUsqrQihImVqKT+8U6Qi3t5ATcg4Y9wGAPb3kIhetpufyZ1RhwbZCIdDA==
  dependencies:
    "@babel/parser" "^7.23.0"
    "@vue/compiler-core" "3.3.7"
    "@vue/shared" "3.3.7"
    estree-walker "^2.0.2"
    magic-string "^0.30.5"

"@vue/reactivity@3.3.7":
  version "3.3.7"
  resolved "https://registry.npmjs.org/@vue/reactivity/-/reactivity-3.3.7.tgz"
  integrity sha512-cZNVjWiw00708WqT0zRpyAgduG79dScKEPYJXq2xj/aMtk3SKvL3FBt2QKUlh6EHBJ1m8RhBY+ikBUzwc7/khg==
  dependencies:
    "@vue/shared" "3.3.7"

"@vue/runtime-core@3.3.7":
  version "3.3.7"
  resolved "https://registry.npmjs.org/@vue/runtime-core/-/runtime-core-3.3.7.tgz"
  integrity sha512-LHq9du3ubLZFdK/BP0Ysy3zhHqRfBn80Uc+T5Hz3maFJBGhci1MafccnL3rpd5/3wVfRHAe6c+PnlO2PAavPTQ==
  dependencies:
    "@vue/reactivity" "3.3.7"
    "@vue/shared" "3.3.7"

"@vue/runtime-dom@3.3.7":
  version "3.3.7"
  resolved "https://registry.npmjs.org/@vue/runtime-dom/-/runtime-dom-3.3.7.tgz"
  integrity sha512-PFQU1oeJxikdDmrfoNQay5nD4tcPNYixUBruZzVX/l0eyZvFKElZUjW4KctCcs52nnpMGO6UDK+jF5oV4GT5Lw==
  dependencies:
    "@vue/runtime-core" "3.3.7"
    "@vue/shared" "3.3.7"
    csstype "^3.1.2"

"@vue/server-renderer@3.3.7":
  version "3.3.7"
  resolved "https://registry.npmjs.org/@vue/server-renderer/-/server-renderer-3.3.7.tgz"
  integrity sha512-UlpKDInd1hIZiNuVVVvLgxpfnSouxKQOSE2bOfQpBuGwxRV/JqqTCyyjXUWiwtVMyeRaZhOYYqntxElk8FhBhw==
  dependencies:
    "@vue/compiler-ssr" "3.3.7"
    "@vue/shared" "3.3.7"

"@vue/shared@^3.3.0", "@vue/shared@3.3.7":
  version "3.3.7"
  resolved "https://registry.npmjs.org/@vue/shared/-/shared-3.3.7.tgz"
  integrity sha512-N/tbkINRUDExgcPTBvxNkvHGu504k8lzlNQRITVnm6YjOjwa4r0nnbd4Jb01sNpur5hAllyRJzSK5PvB9PPwRg==

"@vue/tsconfig@^0.4.0":
  version "0.4.0"
  resolved "https://registry.npmjs.org/@vue/tsconfig/-/tsconfig-0.4.0.tgz"
  integrity sha512-CPuIReonid9+zOG/CGTT05FXrPYATEqoDGNrEaqS4hwcw5BUNM2FguC0mOwJD4Jr16UpRVl9N0pY3P+srIbqmg==

ansi-styles@^3.2.1:
  version "3.2.1"
  resolved "https://registry.npmjs.org/ansi-styles/-/ansi-styles-3.2.1.tgz"
  integrity sha512-VT0ZI6kZRdTh8YyJw3SMbYm/u+NqfsAxEpWO0Pf9sq8/e94WxxOpPKx9FR1FlyCtOVDNOQ+8ntlqFxiRc+r5qA==
  dependencies:
    color-convert "^1.9.0"

ansi-styles@^6.2.1:
  version "6.2.1"
  resolved "https://registry.npmjs.org/ansi-styles/-/ansi-styles-6.2.1.tgz"
  integrity sha512-bN798gFfQX+viw3R7yrGWRqnrN2oRkEkUjjl4JNn4E8GxxbjtG3FbrEIIY3l8/hrwUwIeCZvi4QuOTP4MErVug==

balanced-match@^1.0.0:
  version "1.0.2"
  resolved "https://registry.npmjs.org/balanced-match/-/balanced-match-1.0.2.tgz"
  integrity sha512-3oSeUO0TMV67hN1AmbXsK4yaqU7tjiHlbxRDZOpH0KW9+CeX4bRAaX0Anxt0tx2MrpRpWwQaPwIlISEJhYU5Pw==

brace-expansion@^2.0.1:
  version "2.0.1"
  resolved "https://registry.npmjs.org/brace-expansion/-/brace-expansion-2.0.1.tgz"
  integrity sha512-XnAIvQ8eM+kC6aULx6wuQiwVsnzsi9d3WxzV3FpWTGA19F621kwdbsAcFKXgKUHZWsy+mY6iL1sHTxWEFCytDA==
  dependencies:
    balanced-match "^1.0.0"

chalk@^2.4.2:
  version "2.4.2"
  resolved "https://registry.npmjs.org/chalk/-/chalk-2.4.2.tgz"
  integrity sha512-Mti+f9lpJNcwF4tWV8/OrTTtF1gZi+f8FqlyAdouralcFWFQWF2+NgCHShjkCb+IFBLq9buZwE1xckQU4peSuQ==
  dependencies:
    ansi-styles "^3.2.1"
    escape-string-regexp "^1.0.5"
    supports-color "^5.3.0"

color-convert@^1.9.0:
  version "1.9.3"
  resolved "https://registry.npmjs.org/color-convert/-/color-convert-1.9.3.tgz"
  integrity sha512-QfAUtd+vFdAtFQcC8CCyYt1fYWxSqAiK2cSD6zDB8N3cpsEBAvRxp9zOGg6G/SHHJYAT88/az/IuDGALsNVbGg==
  dependencies:
    color-name "1.1.3"

color-name@1.1.3:
  version "1.1.3"
  resolved "https://registry.npmjs.org/color-name/-/color-name-1.1.3.tgz"
  integrity sha512-72fSenhMw2HZMTVHeCA9KCmpEIbzWiQsjN+BHcBbS9vr1mtt+vJjPdksIBNUmKAW8TFUDPJK5SUU3QhE9NEXDw==

computeds@^0.0.1:
  version "0.0.1"
  resolved "https://registry.npmjs.org/computeds/-/computeds-0.0.1.tgz"
  integrity sha512-7CEBgcMjVmitjYo5q8JTJVra6X5mQ20uTThdK+0kR7UEaDrAWEQcRiBtWJzga4eRpP6afNwwLsX2SET2JhVB1Q==

cross-spawn@^7.0.3:
  version "7.0.3"
  resolved "https://registry.npmjs.org/cross-spawn/-/cross-spawn-7.0.3.tgz"
  integrity sha512-iRDPJKUPVEND7dHPO8rkbOnPpyDygcDFtWjpeWNCgy8WP2rXcxXL8TskReQl6OrB2G7+UJrags1q15Fudc7G6w==
  dependencies:
    path-key "^3.1.0"
    shebang-command "^2.0.0"
    which "^2.0.1"

csstype@^3.1.2:
  version "3.1.2"
  resolved "https://registry.npmjs.org/csstype/-/csstype-3.1.2.tgz"
  integrity sha512-I7K1Uu0MBPzaFKg4nI5Q7Vs2t+3gWWW648spaF+Rg7pI9ds18Ugn+lvg4SHczUdKlHI5LWBXyqfS8+DufyBsgQ==

de-indent@^1.0.2:
  version "1.0.2"
  resolved "https://registry.npmjs.org/de-indent/-/de-indent-1.0.2.tgz"
  integrity sha512-e/1zu3xH5MQryN2zdVaF0OrdNLUbvWxzMbi+iNA6Bky7l1RoP8a2fIbRocyHclXt/arDrrR6lL3TqFD9pMQTsg==

error-ex@^1.3.2:
  version "1.3.2"
  resolved "https://registry.npmjs.org/error-ex/-/error-ex-1.3.2.tgz"
  integrity sha512-7dFHNmqeFSEt2ZBsCriorKnn3Z2pj+fd9kmI6QoWw4//DL+icEBfc0U7qJCisqrTsKTjw4fNFy2pW9OqStD84g==
  dependencies:
    is-arrayish "^0.2.1"

esbuild@^0.18.10:
  version "0.18.20"
  resolved "https://registry.npmjs.org/esbuild/-/esbuild-0.18.20.tgz"
  integrity sha512-ceqxoedUrcayh7Y7ZX6NdbbDzGROiyVBgC4PriJThBKSVPWnnFHZAkfI1lJT8QFkOwH4qOS2SJkS4wvpGl8BpA==
  optionalDependencies:
    "@esbuild/android-arm" "0.18.20"
    "@esbuild/android-arm64" "0.18.20"
    "@esbuild/android-x64" "0.18.20"
    "@esbuild/darwin-arm64" "0.18.20"
    "@esbuild/darwin-x64" "0.18.20"
    "@esbuild/freebsd-arm64" "0.18.20"
    "@esbuild/freebsd-x64" "0.18.20"
    "@esbuild/linux-arm" "0.18.20"
    "@esbuild/linux-arm64" "0.18.20"
    "@esbuild/linux-ia32" "0.18.20"
    "@esbuild/linux-loong64" "0.18.20"
    "@esbuild/linux-mips64el" "0.18.20"
    "@esbuild/linux-ppc64" "0.18.20"
    "@esbuild/linux-riscv64" "0.18.20"
    "@esbuild/linux-s390x" "0.18.20"
    "@esbuild/linux-x64" "0.18.20"
    "@esbuild/netbsd-x64" "0.18.20"
    "@esbuild/openbsd-x64" "0.18.20"
    "@esbuild/sunos-x64" "0.18.20"
    "@esbuild/win32-arm64" "0.18.20"
    "@esbuild/win32-ia32" "0.18.20"
    "@esbuild/win32-x64" "0.18.20"

escape-string-regexp@^1.0.5:
  version "1.0.5"
  resolved "https://registry.npmjs.org/escape-string-regexp/-/escape-string-regexp-1.0.5.tgz"
  integrity sha512-vbRorB5FUQWvla16U8R/qgaFIya2qGzwDrNmCZuYKrbdSUMG6I1ZCGQRefkRVhuOkIGVne7BQ35DSfo1qvJqFg==

estree-walker@^2.0.2:
  version "2.0.2"
  resolved "https://registry.npmjs.org/estree-walker/-/estree-walker-2.0.2.tgz"
  integrity sha512-Rfkk/Mp/DL7JVje3u18FxFujQlTNR2q6QfMSMB7AvCBx91NGj/ba3kCfza0f6dVDbw7YlRf/nDrn7pQrCCyQ/w==

function-bind@^1.1.2:
  version "1.1.2"
  resolved "https://registry.npmjs.org/function-bind/-/function-bind-1.1.2.tgz"
  integrity sha512-7XHNxH7qX9xG5mIwxkhumTox/MIRNcOgDrxWsMt2pAr23WHp6MrRlN7FBSFpCpr+oVO0F744iUgR82nJMfG2SA==

has-flag@^3.0.0:
  version "3.0.0"
  resolved "https://registry.npmjs.org/has-flag/-/has-flag-3.0.0.tgz"
  integrity sha512-sKJf1+ceQBr4SMkvQnBDNDtf4TXpVhVGateu0t918bl30FnbE2m4vNLX+VWe/dpjlb+HugGYzW7uQXH98HPEYw==

hasown@^2.0.0:
  version "2.0.0"
  resolved "https://registry.npmjs.org/hasown/-/hasown-2.0.0.tgz"
  integrity sha512-vUptKVTpIJhcczKBbgnS+RtcuYMB8+oNzPK2/Hp3hanz8JmpATdmmgLgSaadVREkDm+e2giHwY3ZRkyjSIDDFA==
  dependencies:
    function-bind "^1.1.2"

he@^1.2.0:
  version "1.2.0"
  resolved "https://registry.npmjs.org/he/-/he-1.2.0.tgz"
  integrity sha512-F/1DnUGPopORZi0ni+CvrCgHQ5FyEAHRLSApuYWMmrbSwoN2Mn/7k+Gl38gJnR7yyDZk6WLXwiGod1JOWNDKGw==

hosted-git-info@^7.0.0:
  version "7.0.1"
  resolved "https://registry.npmjs.org/hosted-git-info/-/hosted-git-info-7.0.1.tgz"
  integrity sha512-+K84LB1DYwMHoHSgaOY/Jfhw3ucPmSET5v98Ke/HdNSw4a0UktWzyW1mjhjpuxxTqOOsfWT/7iVshHmVZ4IpOA==
  dependencies:
    lru-cache "^10.0.1"

is-arrayish@^0.2.1:
  version "0.2.1"
  resolved "https://registry.npmjs.org/is-arrayish/-/is-arrayish-0.2.1.tgz"
  integrity sha512-zz06S8t0ozoDXMG+ube26zeCTNXcKIPJZJi8hBrF4idCLms4CG9QtK7qBl1boi5ODzFpjswb5JPmHCbMpjaYzg==

is-core-module@^2.8.1:
  version "2.13.1"
  resolved "https://registry.npmjs.org/is-core-module/-/is-core-module-2.13.1.tgz"
  integrity sha512-hHrIjvZsftOsvKSn2TRYl63zvxsgE0K+0mYMoH6gD4omR5IWB2KynivBQczo3+wF1cCkjzvptnI9Q0sPU66ilw==
  dependencies:
    hasown "^2.0.0"

isexe@^2.0.0:
  version "2.0.0"
  resolved "https://registry.npmjs.org/isexe/-/isexe-2.0.0.tgz"
  integrity sha512-RHxMLp9lnKHGHRng9QFhRCMbYAcVpn69smSGcq3f36xjgVVWThj4qqLbTLlq7Ssj8B+fIQ1EuCEGI2lKsyQeIw==

js-tokens@^4.0.0:
  version "4.0.0"
  resolved "https://registry.npmjs.org/js-tokens/-/js-tokens-4.0.0.tgz"
  integrity sha512-RdJUflcE3cUzKiMqQgsCu06FPu9UdIJO0beYbPhHN4k6apgJtifcoCtT9bcxOpYBtpD2kCM6Sbzg4CausW/PKQ==

json-parse-even-better-errors@^3.0.0:
  version "3.0.0"
  resolved "https://registry.npmjs.org/json-parse-even-better-errors/-/json-parse-even-better-errors-3.0.0.tgz"
  integrity sha512-iZbGHafX/59r39gPwVPRBGw0QQKnA7tte5pSMrhWOW7swGsVvVTjmfyAV9pNqk8YGT7tRCdxRu8uzcgZwoDooA==

lines-and-columns@^2.0.3:
  version "2.0.3"
  resolved "https://registry.npmjs.org/lines-and-columns/-/lines-and-columns-2.0.3.tgz"
  integrity sha512-cNOjgCnLB+FnvWWtyRTzmB3POJ+cXxTA81LoW7u8JdmhfXzriropYwpjShnz1QLLWsQwY7nIxoDmcPTwphDK9w==

lru-cache@^10.0.1:
  version "10.0.1"
  resolved "https://registry.npmjs.org/lru-cache/-/lru-cache-10.0.1.tgz"
  integrity sha512-IJ4uwUTi2qCccrioU6g9g/5rvvVl13bsdczUUcqbciD9iLr095yj8DQKdObriEvuNSx325N1rV1O0sJFszx75g==

lru-cache@^6.0.0:
  version "6.0.0"
  resolved "https://registry.npmjs.org/lru-cache/-/lru-cache-6.0.0.tgz"
  integrity sha512-Jo6dJ04CmSjuznwJSS3pUeWmd/H0ffTlkXXgwZi+eq1UCmqQwCh+eLsYOYCwY991i2Fah4h1BEMCx4qThGbsiA==
  dependencies:
    yallist "^4.0.0"

magic-string@^0.30.5:
  version "0.30.5"
  resolved "https://registry.npmjs.org/magic-string/-/magic-string-0.30.5.tgz"
  integrity sha512-7xlpfBaQaP/T6Vh8MO/EqXSW5En6INHEvEXQiuff7Gku0PWjU3uf6w/j9o7O+SpB5fOAkrI5HeoNgwjEO0pFsA==
  dependencies:
    "@jridgewell/sourcemap-codec" "^1.4.15"

memorystream@^0.3.1:
  version "0.3.1"
  resolved "https://registry.npmjs.org/memorystream/-/memorystream-0.3.1.tgz"
  integrity sha512-S3UwM3yj5mtUSEfP41UZmt/0SCoVYUcU1rkXv+BQ5Ig8ndL4sPoJNBUJERafdPb5jjHJGuMgytgKvKIf58XNBw==

minimatch@^9.0.0, minimatch@^9.0.3:
  version "9.0.3"
  resolved "https://registry.npmjs.org/minimatch/-/minimatch-9.0.3.tgz"
  integrity sha512-RHiac9mvaRw0x3AYRgDC1CxAP7HTcNrrECeA8YYJeWnpo+2Q5CegtZjaotWTWxDG3UeGA1coE05iH1mPjT/2mg==
  dependencies:
    brace-expansion "^2.0.1"

muggle-string@^0.3.1:
  version "0.3.1"
  resolved "https://registry.npmjs.org/muggle-string/-/muggle-string-0.3.1.tgz"
  integrity sha512-ckmWDJjphvd/FvZawgygcUeQCxzvohjFO5RxTjj4eq8kw359gFF3E1brjfI+viLMxss5JrHTDRHZvu2/tuy0Qg==

nanoid@^3.3.6:
  version "3.3.6"
  resolved "https://registry.npmjs.org/nanoid/-/nanoid-3.3.6.tgz"
  integrity sha512-BGcqMMJuToF7i1rt+2PWSNVnWIkGCU78jBG3RxO/bZlnZPK2Cmi2QaffxGO/2RvWi9sL+FAiRiXMgsyxQ1DIDA==

normalize-package-data@^6.0.0:
  version "6.0.0"
  resolved "https://registry.npmjs.org/normalize-package-data/-/normalize-package-data-6.0.0.tgz"
  integrity sha512-UL7ELRVxYBHBgYEtZCXjxuD5vPxnmvMGq0jp/dGPKKrN7tfsBh2IY7TlJ15WWwdjRWD3RJbnsygUurTK3xkPkg==
  dependencies:
    hosted-git-info "^7.0.0"
    is-core-module "^2.8.1"
    semver "^7.3.5"
    validate-npm-package-license "^3.0.4"

npm-run-all2@^6.1.1:
  version "6.1.1"
  resolved "https://registry.npmjs.org/npm-run-all2/-/npm-run-all2-6.1.1.tgz"
  integrity sha512-lWLbkPZ5BSdXtN8lR+0rc8caKoPdymycpZksyDEC9MOBvfdwTXZ0uVhb7bMcGeXv2/BKtfQuo6Zn3zfc8rxNXA==
  dependencies:
    ansi-styles "^6.2.1"
    cross-spawn "^7.0.3"
    memorystream "^0.3.1"
    minimatch "^9.0.0"
    pidtree "^0.6.0"
    read-pkg "^8.0.0"
    shell-quote "^1.7.3"

parse-json@^7.0.0:
  version "7.1.1"
  resolved "https://registry.npmjs.org/parse-json/-/parse-json-7.1.1.tgz"
  integrity sha512-SgOTCX/EZXtZxBE5eJ97P4yGM5n37BwRU+YMsH4vNzFqJV/oWFXXCmwFlgWUM4PrakybVOueJJ6pwHqSVhTFDw==
  dependencies:
    "@babel/code-frame" "^7.21.4"
    error-ex "^1.3.2"
    json-parse-even-better-errors "^3.0.0"
    lines-and-columns "^2.0.3"
    type-fest "^3.8.0"

path-browserify@^1.0.1:
  version "1.0.1"
  resolved "https://registry.npmjs.org/path-browserify/-/path-browserify-1.0.1.tgz"
  integrity sha512-b7uo2UCUOYZcnF/3ID0lulOJi/bafxa1xPe7ZPsammBSpjSWQkjNxlt635YGS2MiR9GjvuXCtz2emr3jbsz98g==

path-key@^3.1.0:
  version "3.1.1"
  resolved "https://registry.npmjs.org/path-key/-/path-key-3.1.1.tgz"
  integrity sha512-ojmeN0qd+y0jszEtoY48r0Peq5dwMEkIlCOu6Q5f41lfkswXuKtYrhgoTpLnyIcHm24Uhqx+5Tqm2InSwLhE6Q==

picocolors@^1.0.0:
  version "1.0.0"
  resolved "https://registry.npmjs.org/picocolors/-/picocolors-1.0.0.tgz"
  integrity sha512-1fygroTLlHu66zi26VoTDv8yRgm0Fccecssto+MhsZ0D/DGW2sm8E8AjW7NU5VVTRt5GxbeZ5qBuJr+HyLYkjQ==

pidtree@^0.6.0:
  version "0.6.0"
  resolved "https://registry.npmjs.org/pidtree/-/pidtree-0.6.0.tgz"
  integrity sha512-eG2dWTVw5bzqGRztnHExczNxt5VGsE6OwTeCG3fdUf9KBsZzO3R5OIIIzWR+iZA0NtZ+RDVdaoE2dK1cn6jH4g==

postcss@^8.4.27, postcss@^8.4.31:
  version "8.4.31"
  resolved "https://registry.npmjs.org/postcss/-/postcss-8.4.31.tgz"
  integrity sha512-PS08Iboia9mts/2ygV3eLpY5ghnUcfLV/EXTOW1E2qYxJKGGBUtNjN76FYHnMs36RmARn41bC0AZmn+rR0OVpQ==
  dependencies:
    nanoid "^3.3.6"
    picocolors "^1.0.0"
    source-map-js "^1.0.2"

read-pkg@^8.0.0:
  version "8.1.0"
  resolved "https://registry.npmjs.org/read-pkg/-/read-pkg-8.1.0.tgz"
  integrity sha512-PORM8AgzXeskHO/WEv312k9U03B8K9JSiWF/8N9sUuFjBa+9SF2u6K7VClzXwDXab51jCd8Nd36CNM+zR97ScQ==
  dependencies:
    "@types/normalize-package-data" "^2.4.1"
    normalize-package-data "^6.0.0"
    parse-json "^7.0.0"
    type-fest "^4.2.0"

rollup@^3.27.1:
  version "3.29.4"
  resolved "https://registry.npmjs.org/rollup/-/rollup-3.29.4.tgz"
  integrity sha512-oWzmBZwvYrU0iJHtDmhsm662rC15FRXmcjCk1xD771dFDx5jJ02ufAQQTn0etB2emNk4J9EZg/yWKpsn9BWGRw==
  optionalDependencies:
    fsevents "~2.3.2"

semver@^7.3.5, semver@^7.5.4:
  version "7.5.4"
  resolved "https://registry.npmjs.org/semver/-/semver-7.5.4.tgz"
  integrity sha512-1bCSESV6Pv+i21Hvpxp3Dx+pSD8lIPt8uVjRrxAUt/nbswYc+tK6Y2btiULjd4+fnq15PX+nqQDC7Oft7WkwcA==
  dependencies:
    lru-cache "^6.0.0"

shebang-command@^2.0.0:
  version "2.0.0"
  resolved "https://registry.npmjs.org/shebang-command/-/shebang-command-2.0.0.tgz"
  integrity sha512-kHxr2zZpYtdmrN1qDjrrX/Z1rR1kG8Dx+gkpK1G4eXmvXswmcE1hTWBWYUzlraYw1/yZp6YuDY77YtvbN0dmDA==
  dependencies:
    shebang-regex "^3.0.0"

shebang-regex@^3.0.0:
  version "3.0.0"
  resolved "https://registry.npmjs.org/shebang-regex/-/shebang-regex-3.0.0.tgz"
  integrity sha512-7++dFhtcx3353uBaq8DDR4NuxBetBzC7ZQOhmTQInHEd6bSrXdiEyzCvG07Z44UYdLShWUyXt5M/yhz8ekcb1A==

shell-quote@^1.7.3:
  version "1.8.1"
  resolved "https://registry.npmjs.org/shell-quote/-/shell-quote-1.8.1.tgz"
  integrity sha512-6j1W9l1iAs/4xYBI1SYOVZyFcCis9b4KCLQ8fgAGG07QvzaRLVVRQvAy85yNmmZSjYjg4MWh4gNvlPujU/5LpA==

source-map-js@^1.0.2:
  version "1.0.2"
  resolved "https://registry.npmjs.org/source-map-js/-/source-map-js-1.0.2.tgz"
  integrity sha512-R0XvVJ9WusLiqTCEiGCmICCMplcCkIwwR11mOSD9CR5u+IXYdiseeEuXCVAjS54zqwkLcPNnmU4OeJ6tUrWhDw==

spdx-correct@^3.0.0:
  version "3.2.0"
  resolved "https://registry.npmjs.org/spdx-correct/-/spdx-correct-3.2.0.tgz"
  integrity sha512-kN9dJbvnySHULIluDHy32WHRUu3Og7B9sbY7tsFLctQkIqnMh3hErYgdMjTYuqmcXX+lK5T1lnUt3G7zNswmZA==
  dependencies:
    spdx-expression-parse "^3.0.0"
    spdx-license-ids "^3.0.0"

spdx-exceptions@^2.1.0:
  version "2.3.0"
  resolved "https://registry.npmjs.org/spdx-exceptions/-/spdx-exceptions-2.3.0.tgz"
  integrity sha512-/tTrYOC7PPI1nUAgx34hUpqXuyJG+DTHJTnIULG4rDygi4xu/tfgmq1e1cIRwRzwZgo4NLySi+ricLkZkw4i5A==

spdx-expression-parse@^3.0.0:
  version "3.0.1"
  resolved "https://registry.npmjs.org/spdx-expression-parse/-/spdx-expression-parse-3.0.1.tgz"
  integrity sha512-cbqHunsQWnJNE6KhVSMsMeH5H/L9EpymbzqTQ3uLwNCLZ1Q481oWaofqH7nO6V07xlXwY6PhQdQ2IedWx/ZK4Q==
  dependencies:
    spdx-exceptions "^2.1.0"
    spdx-license-ids "^3.0.0"

spdx-license-ids@^3.0.0:
  version "3.0.16"
  resolved "https://registry.npmjs.org/spdx-license-ids/-/spdx-license-ids-3.0.16.tgz"
  integrity sha512-eWN+LnM3GR6gPu35WxNgbGl8rmY1AEmoMDvL/QD6zYmPWgywxWqJWNdLGT+ke8dKNWrcYgYjPpG5gbTfghP8rw==

supports-color@^5.3.0:
  version "5.5.0"
  resolved "https://registry.npmjs.org/supports-color/-/supports-color-5.5.0.tgz"
  integrity sha512-QjVjwdXIt408MIiAqCX4oUKsgU2EqAGzs2Ppkm4aQYbjm+ZEWEcW4SfFNTr4uMNZma0ey4f5lgLrkB0aX0QMow==
  dependencies:
    has-flag "^3.0.0"

type-fest@^3.8.0:
  version "3.13.1"
  resolved "https://registry.npmjs.org/type-fest/-/type-fest-3.13.1.tgz"
  integrity sha512-tLq3bSNx+xSpwvAJnzrK0Ep5CLNWjvFTOp71URMaAEWBfRb9nnJiBoUe0tF8bI4ZFO3omgBR6NvnbzVUT3Ly4g==

type-fest@^4.2.0:
  version "4.6.0"
  resolved "https://registry.npmjs.org/type-fest/-/type-fest-4.6.0.tgz"
  integrity sha512-rLjWJzQFOq4xw7MgJrCZ6T1jIOvvYElXT12r+y0CC6u67hegDHaxcPqb2fZHOGlqxugGQPNB1EnTezjBetkwkw==

typescript@*, typescript@~5.2.0:
  version "5.2.2"
  resolved "https://registry.npmjs.org/typescript/-/typescript-5.2.2.tgz"
  integrity sha512-mI4WrpHsbCIcwT9cF4FZvr80QUeKvsUsUvKDoR+X/7XHQH98xYD8YHZg7ANtz2GtZt/CBq2QJ0thkGJMHfqc1w==

undici-types@~5.26.4:
  version "5.26.5"
  resolved "https://registry.npmjs.org/undici-types/-/undici-types-5.26.5.tgz"
  integrity sha512-JlCMO+ehdEIKqlFxk6IfVoAUVmgz7cU7zD/h9XZ0qzeosSHmUJVOzSQvvYSYWXkFXC+IfLKSIffhv0sVZup6pA==

validate-npm-package-license@^3.0.4:
  version "3.0.4"
  resolved "https://registry.npmjs.org/validate-npm-package-license/-/validate-npm-package-license-3.0.4.tgz"
  integrity sha512-DpKm2Ui/xN7/HQKCtpZxoRWBhZ9Z0kqtygG8XCgNQ8ZlDnxuQmWhj566j8fN4Cu3/JmbhsDo7fcAJq4s9h27Ew==
  dependencies:
    spdx-correct "^3.0.0"
    spdx-expression-parse "^3.0.0"

vite@^4.0.0, vite@^4.4.11:
  version "4.5.0"
  resolved "https://registry.npmjs.org/vite/-/vite-4.5.0.tgz"
  integrity sha512-ulr8rNLA6rkyFAlVWw2q5YJ91v098AFQ2R0PRFwPzREXOUJQPtFUG0t+/ZikhaOCDqFoDhN6/v8Sq0o4araFAw==
  dependencies:
    esbuild "^0.18.10"
    postcss "^8.4.27"
    rollup "^3.27.1"
  optionalDependencies:
    fsevents "~2.3.2"

vue-template-compiler@^2.7.14:
  version "2.7.15"
  resolved "https://registry.npmjs.org/vue-template-compiler/-/vue-template-compiler-2.7.15.tgz"
  integrity sha512-yQxjxMptBL7UAog00O8sANud99C6wJF+7kgbcwqkvA38vCGF7HWE66w0ZFnS/kX5gSoJr/PQ4/oS3Ne2pW37Og==
  dependencies:
    de-indent "^1.0.2"
    he "^1.2.0"

vue-tsc@^1.8.19:
  version "1.8.22"
  resolved "https://registry.npmjs.org/vue-tsc/-/vue-tsc-1.8.22.tgz"
  integrity sha512-j9P4kHtW6eEE08aS5McFZE/ivmipXy0JzrnTgbomfABMaVKx37kNBw//irL3+LlE3kOo63XpnRigyPC3w7+z+A==
  dependencies:
    "@volar/typescript" "~1.10.5"
    "@vue/language-core" "1.8.22"
    semver "^7.5.4"

vue@^3.2.25, vue@^3.3.4, vue@3.3.7:
  version "3.3.7"
  resolved "https://registry.npmjs.org/vue/-/vue-3.3.7.tgz"
  integrity sha512-YEMDia1ZTv1TeBbnu6VybatmSteGOS3A3YgfINOfraCbf85wdKHzscD6HSS/vB4GAtI7sa1XPX7HcQaJ1l24zA==
  dependencies:
    "@vue/compiler-dom" "3.3.7"
    "@vue/compiler-sfc" "3.3.7"
    "@vue/runtime-dom" "3.3.7"
    "@vue/server-renderer" "3.3.7"
    "@vue/shared" "3.3.7"

which@^2.0.1:
  version "2.0.2"
  resolved "https://registry.npmjs.org/which/-/which-2.0.2.tgz"
  integrity sha512-BLI3Tl1TW3Pvl70l3yq3Y64i+awpwXqsGBYWkkqMtnbXgrMD+yj7rhW0kuEDxzJaYXGjEW5ogapKNMEKNMjibA==
  dependencies:
    isexe "^2.0.0"

yallist@^4.0.0:
  version "4.0.0"
  resolved "https://registry.npmjs.org/yallist/-/yallist-4.0.0.tgz"
  integrity sha512-3wdGidZyq5PB084XLES5TpOSRA3wjXAlIWMhum2kRcv/41Sn2emQ0dycQW4uZXLejwKvg6EsvbdlVL+FYEct7A==
